
Microsoft Visual Studio Solution File, Format Version 12.00
# Visual Studio Version 17
VisualStudioVersion = 17.8.34525.116
MinimumVisualStudioVersion = 10.0.40219.1
Project("{FAE04EC0-301F-11D3-BF4B-00C04F79EFBC}") = "TransitOps.Api", "TransitOps.Api\TransitOps.Api.csproj", "{8CC690AE-35E6-48A7-91FC-3D4028DB82B5}"
EndProject
Global
	GlobalSection(SolutionConfigurationPlatforms) = preSolution
		Debug|Any CPU = Debug|Any CPU
		Release|Any CPU = Release|Any CPU
	EndGlobalSection
	GlobalSection(ProjectConfigurationPlatforms) = postSolution
		{8CC690AE-35E6-48A7-91FC-3D4028DB82B5}.Debug|Any CPU.ActiveCfg = Debug|Any CPU
		{8CC690AE-35E6-48A7-91FC-3D4028DB82B5}.Debug|Any CPU.Build.0 = Debug|Any CPU
		{8CC690AE-35E6-48A7-91FC-3D4028DB82B5}.Release|Any CPU.ActiveCfg = Release|Any CPU
		{8CC690AE-35E6-48A7-91FC-3D4028DB82B5}.Release|Any CPU.Build.0 = Release|Any CPU
	EndGlobalSection
	GlobalSection(SolutionProperties) = preSolution
		HideSolutionNode = FALSE
	EndGlobalSection
	GlobalSection(ExtensibilityGlobals) = postSolution
		SolutionGuid = {20A5CDFF-F76C-421A-9930-9380BC1A8419}
	EndGlobalSection
EndGlobal
